{
    "_readme": [
        "This file locks the dependencies of your project to a known state",
        "Read more about it at http://getcomposer.org/doc/01-basic-usage.md#composer-lock-the-lock-file"
    ],
    "hash": "88f751f94d57ea80e2503683f9112269",
    "packages": [
        {
            "name": "cakephp/cakephp",
            "version": "3.0.x-dev",
            "source": {
                "type": "git",
                "url": "https://github.com/cakephp/cakephp.git",
                "reference": "f669d8c4ed9444012ccb9c408dcc4c3d233dee77"
            },
            "dist": {
                "type": "zip",
                "url": "https://api.github.com/repos/cakephp/cakephp/zipball/f669d8c4ed9444012ccb9c408dcc4c3d233dee77",
                "reference": "f669d8c4ed9444012ccb9c408dcc4c3d233dee77",
                "shasum": ""
            },
            "require": {
                "ext-mbstring": "*",
                "ext-mcrypt": "*",
                "php": ">=5.4"
            },
            "require-dev": {
                "phpunit/phpunit": "3.7.*"
            },
            "bin": [
                "Cake/Console/cake"
            ],
            "type": "library",
            "autoload": {
                "psr-0": {
                    "Cake\\": "."
                }
            },
            "notification-url": "https://packagist.org/downloads/",
            "license": [
                "MIT"
            ],
            "authors": [
                {
                    "name": "CakePHP Community",
                    "homepage": "https://github.com/cakephp/cakephp/graphs/contributors"
                }
            ],
            "description": "The CakePHP framework",
            "homepage": "http://cakephp.org",
            "keywords": [
                "framework"
            ],
            "time": "2013-11-28 09:16:12"
        }
    ],
    "packages-dev": [

    ],
    "aliases": [

    ],
    "minimum-stability": "stable",
    "stability-flags": {
        "cakephp/cakephp": 20
    },
    "platform": {
        "php": ">=5.4"
    },
    "platform-dev": [

    ]
}
